
Microsoft Visual Studio Solution File, Format Version 12.00
# Visual Studio 2013
VisualStudioVersion = 12.0.40629.0
MinimumVisualStudioVersion = 10.0.40219.1
Project("{FAE04EC0-301F-11D3-BF4B-00C04F79EFBC}") = "Stam01", "Stam01\Stam01.csproj", "{B36A8820-7625-47DB-AF30-9E2AAA8AF606}"
EndProject
Global
	GlobalSection(SolutionConfigurationPlatforms) = preSolution
		Debug|Any CPU = Debug|Any CPU
		Release|Any CPU = Release|Any CPU
	EndGlobalSection
	GlobalSection(ProjectConfigurationPlatforms) = postSolution
		{B36A8820-7625-47DB-AF30-9E2AAA8AF606}.Debug|Any CPU.ActiveCfg = Debug|Any CPU
		{B36A8820-7625-47DB-AF30-9E2AAA8AF606}.Debug|Any CPU.Build.0 = Debug|Any CPU
		{B36A8820-7625-47DB-AF30-9E2AAA8AF606}.Release|Any CPU.ActiveCfg = Release|Any CPU
		{B36A8820-7625-47DB-AF30-9E2AAA8AF606}.Release|Any CPU.Build.0 = Release|Any CPU
	EndGlobalSection
	GlobalSection(SolutionProperties) = preSolution
		HideSolutionNode = FALSE
	EndGlobalSection
EndGlobal
