
Microsoft Visual Studio Solution File, Format Version 12.00
# Visual Studio 2012
Project("{FAE04EC0-301F-11D3-BF4B-00C04F79EFBC}") = "PartialViewDemo", "PartialViewDemo\PartialViewDemo.csproj", "{2CE7E115-06F0-4F76-9FDC-16E1E2F73365}"
EndProject
Global
	GlobalSection(SolutionConfigurationPlatforms) = preSolution
		Debug|Any CPU = Debug|Any CPU
		Release|Any CPU = Release|Any CPU
	EndGlobalSection
	GlobalSection(ProjectConfigurationPlatforms) = postSolution
		{2CE7E115-06F0-4F76-9FDC-16E1E2F73365}.Debug|Any CPU.ActiveCfg = Debug|Any CPU
		{2CE7E115-06F0-4F76-9FDC-16E1E2F73365}.Debug|Any CPU.Build.0 = Debug|Any CPU
		{2CE7E115-06F0-4F76-9FDC-16E1E2F73365}.Release|Any CPU.ActiveCfg = Release|Any CPU
		{2CE7E115-06F0-4F76-9FDC-16E1E2F73365}.Release|Any CPU.Build.0 = Release|Any CPU
	EndGlobalSection
	GlobalSection(SolutionProperties) = preSolution
		HideSolutionNode = FALSE
	EndGlobalSection
EndGlobal
