
Microsoft Visual Studio Solution File, Format Version 12.00
# Visual Studio 2013
VisualStudioVersion = 12.0.40629.0
MinimumVisualStudioVersion = 10.0.40219.1
Project("{FAE04EC0-301F-11D3-BF4B-00C04F79EFBC}") = "MembersApp", "MembersApp\MembersApp.csproj", "{3C561346-0FB2-4026-ABF1-F5AF5783056F}"
EndProject
Project("{FAE04EC0-301F-11D3-BF4B-00C04F79EFBC}") = "ComboBoxes", "..\..\..\..\Temp\Test\ComboBox\C#\ComboBoxes\ComboBoxes.csproj", "{085D5637-2B5D-4E64-978E-70F1030A2D56}"
EndProject
Global
	GlobalSection(SolutionConfigurationPlatforms) = preSolution
		Debug|Any CPU = Debug|Any CPU
		Debug|Mixed Platforms = Debug|Mixed Platforms
		Debug|x86 = Debug|x86
		Release|Any CPU = Release|Any CPU
		Release|Mixed Platforms = Release|Mixed Platforms
		Release|x86 = Release|x86
	EndGlobalSection
	GlobalSection(ProjectConfigurationPlatforms) = postSolution
		{3C561346-0FB2-4026-ABF1-F5AF5783056F}.Debug|Any CPU.ActiveCfg = Debug|Any CPU
		{3C561346-0FB2-4026-ABF1-F5AF5783056F}.Debug|Any CPU.Build.0 = Debug|Any CPU
		{3C561346-0FB2-4026-ABF1-F5AF5783056F}.Debug|Mixed Platforms.ActiveCfg = Debug|Any CPU
		{3C561346-0FB2-4026-ABF1-F5AF5783056F}.Debug|Mixed Platforms.Build.0 = Debug|Any CPU
		{3C561346-0FB2-4026-ABF1-F5AF5783056F}.Debug|x86.ActiveCfg = Debug|Any CPU
		{3C561346-0FB2-4026-ABF1-F5AF5783056F}.Release|Any CPU.ActiveCfg = Release|Any CPU
		{3C561346-0FB2-4026-ABF1-F5AF5783056F}.Release|Any CPU.Build.0 = Release|Any CPU
		{3C561346-0FB2-4026-ABF1-F5AF5783056F}.Release|Mixed Platforms.ActiveCfg = Release|Any CPU
		{3C561346-0FB2-4026-ABF1-F5AF5783056F}.Release|Mixed Platforms.Build.0 = Release|Any CPU
		{3C561346-0FB2-4026-ABF1-F5AF5783056F}.Release|x86.ActiveCfg = Release|Any CPU
		{085D5637-2B5D-4E64-978E-70F1030A2D56}.Debug|Any CPU.ActiveCfg = Debug|x86
		{085D5637-2B5D-4E64-978E-70F1030A2D56}.Debug|Mixed Platforms.ActiveCfg = Debug|x86
		{085D5637-2B5D-4E64-978E-70F1030A2D56}.Debug|Mixed Platforms.Build.0 = Debug|x86
		{085D5637-2B5D-4E64-978E-70F1030A2D56}.Debug|x86.ActiveCfg = Debug|x86
		{085D5637-2B5D-4E64-978E-70F1030A2D56}.Debug|x86.Build.0 = Debug|x86
		{085D5637-2B5D-4E64-978E-70F1030A2D56}.Release|Any CPU.ActiveCfg = Release|x86
		{085D5637-2B5D-4E64-978E-70F1030A2D56}.Release|Mixed Platforms.ActiveCfg = Release|x86
		{085D5637-2B5D-4E64-978E-70F1030A2D56}.Release|Mixed Platforms.Build.0 = Release|x86
		{085D5637-2B5D-4E64-978E-70F1030A2D56}.Release|x86.ActiveCfg = Release|x86
		{085D5637-2B5D-4E64-978E-70F1030A2D56}.Release|x86.Build.0 = Release|x86
	EndGlobalSection
	GlobalSection(SolutionProperties) = preSolution
		HideSolutionNode = FALSE
	EndGlobalSection
EndGlobal
