
Microsoft Visual Studio Solution File, Format Version 12.00
# Visual Studio 14
VisualStudioVersion = 14.0.23107.0
MinimumVisualStudioVersion = 10.0.40219.1
Project("{FAE04EC0-301F-11D3-BF4B-00C04F79EFBC}") = "Client", "Client\Client.csproj", "{C6CD8E8F-E7EA-4445-8013-A3814C149886}"
EndProject
Project("{FAE04EC0-301F-11D3-BF4B-00C04F79EFBC}") = "Client2", "Client2\Client2.csproj", "{BDB18875-EDEA-4E49-881D-6BC9E5D6712B}"
EndProject
Global
	GlobalSection(SolutionConfigurationPlatforms) = preSolution
		Debug|Any CPU = Debug|Any CPU
		Release|Any CPU = Release|Any CPU
	EndGlobalSection
	GlobalSection(ProjectConfigurationPlatforms) = postSolution
		{C6CD8E8F-E7EA-4445-8013-A3814C149886}.Debug|Any CPU.ActiveCfg = Debug|Any CPU
		{C6CD8E8F-E7EA-4445-8013-A3814C149886}.Debug|Any CPU.Build.0 = Debug|Any CPU
		{C6CD8E8F-E7EA-4445-8013-A3814C149886}.Release|Any CPU.ActiveCfg = Release|Any CPU
		{C6CD8E8F-E7EA-4445-8013-A3814C149886}.Release|Any CPU.Build.0 = Release|Any CPU
		{BDB18875-EDEA-4E49-881D-6BC9E5D6712B}.Debug|Any CPU.ActiveCfg = Debug|Any CPU
		{BDB18875-EDEA-4E49-881D-6BC9E5D6712B}.Debug|Any CPU.Build.0 = Debug|Any CPU
		{BDB18875-EDEA-4E49-881D-6BC9E5D6712B}.Release|Any CPU.ActiveCfg = Release|Any CPU
		{BDB18875-EDEA-4E49-881D-6BC9E5D6712B}.Release|Any CPU.Build.0 = Release|Any CPU
	EndGlobalSection
	GlobalSection(SolutionProperties) = preSolution
		HideSolutionNode = FALSE
	EndGlobalSection
EndGlobal
