
Microsoft Visual Studio Solution File, Format Version 12.00
# Visual Studio 14
VisualStudioVersion = 14.0.23107.0
MinimumVisualStudioVersion = 10.0.40219.1
Project("{FAE04EC0-301F-11D3-BF4B-00C04F79EFBC}") = "AjaxNews", "AjaxNews\AjaxNews.csproj", "{F5472789-6420-479C-AAA6-8E98C4004673}"
EndProject
Global
	GlobalSection(SolutionConfigurationPlatforms) = preSolution
		Debug|Any CPU = Debug|Any CPU
		Release|Any CPU = Release|Any CPU
	EndGlobalSection
	GlobalSection(ProjectConfigurationPlatforms) = postSolution
		{F5472789-6420-479C-AAA6-8E98C4004673}.Debug|Any CPU.ActiveCfg = Debug|Any CPU
		{F5472789-6420-479C-AAA6-8E98C4004673}.Debug|Any CPU.Build.0 = Debug|Any CPU
		{F5472789-6420-479C-AAA6-8E98C4004673}.Release|Any CPU.ActiveCfg = Release|Any CPU
		{F5472789-6420-479C-AAA6-8E98C4004673}.Release|Any CPU.Build.0 = Release|Any CPU
	EndGlobalSection
	GlobalSection(SolutionProperties) = preSolution
		HideSolutionNode = FALSE
	EndGlobalSection
EndGlobal
