
Microsoft Visual Studio Solution File, Format Version 12.00
# Visual Studio 14
VisualStudioVersion = 14.0.23107.0
MinimumVisualStudioVersion = 10.0.40219.1
Project("{FAE04EC0-301F-11D3-BF4B-00C04F79EFBC}") = "AjaxTriangle", "AjaxTriangle\AjaxTriangle.csproj", "{E1857181-364A-4AE4-BF0D-4A7150522A57}"
EndProject
Project("{FAE04EC0-301F-11D3-BF4B-00C04F79EFBC}") = "AjaxTriangle.Tests", "AjaxTriangle.Tests\AjaxTriangle.Tests.csproj", "{013BFCA7-F694-4CF1-8C09-28A72C8219AB}"
EndProject
Global
	GlobalSection(SolutionConfigurationPlatforms) = preSolution
		Debug|Any CPU = Debug|Any CPU
		Release|Any CPU = Release|Any CPU
	EndGlobalSection
	GlobalSection(ProjectConfigurationPlatforms) = postSolution
		{E1857181-364A-4AE4-BF0D-4A7150522A57}.Debug|Any CPU.ActiveCfg = Debug|Any CPU
		{E1857181-364A-4AE4-BF0D-4A7150522A57}.Debug|Any CPU.Build.0 = Debug|Any CPU
		{E1857181-364A-4AE4-BF0D-4A7150522A57}.Release|Any CPU.ActiveCfg = Release|Any CPU
		{E1857181-364A-4AE4-BF0D-4A7150522A57}.Release|Any CPU.Build.0 = Release|Any CPU
		{013BFCA7-F694-4CF1-8C09-28A72C8219AB}.Debug|Any CPU.ActiveCfg = Debug|Any CPU
		{013BFCA7-F694-4CF1-8C09-28A72C8219AB}.Debug|Any CPU.Build.0 = Debug|Any CPU
		{013BFCA7-F694-4CF1-8C09-28A72C8219AB}.Release|Any CPU.ActiveCfg = Release|Any CPU
		{013BFCA7-F694-4CF1-8C09-28A72C8219AB}.Release|Any CPU.Build.0 = Release|Any CPU
	EndGlobalSection
	GlobalSection(SolutionProperties) = preSolution
		HideSolutionNode = FALSE
	EndGlobalSection
EndGlobal
