
Microsoft Visual Studio Solution File, Format Version 12.00
# Visual Studio 14
VisualStudioVersion = 14.0.23107.0
MinimumVisualStudioVersion = 10.0.40219.1
Project("{FAE04EC0-301F-11D3-BF4B-00C04F79EFBC}") = "WebApplication1", "WebApplication1\WebApplication1.csproj", "{B3FB63BE-4979-4A50-B93B-6857DAA0AF9E}"
EndProject
Project("{FAE04EC0-301F-11D3-BF4B-00C04F79EFBC}") = "WebApplication2", "WebApplication2\WebApplication2.csproj", "{D2AD5BCB-3B20-4547-95B7-834B01D7E726}"
EndProject
Global
	GlobalSection(SolutionConfigurationPlatforms) = preSolution
		Debug|Any CPU = Debug|Any CPU
		Release|Any CPU = Release|Any CPU
	EndGlobalSection
	GlobalSection(ProjectConfigurationPlatforms) = postSolution
		{B3FB63BE-4979-4A50-B93B-6857DAA0AF9E}.Debug|Any CPU.ActiveCfg = Debug|Any CPU
		{B3FB63BE-4979-4A50-B93B-6857DAA0AF9E}.Debug|Any CPU.Build.0 = Debug|Any CPU
		{B3FB63BE-4979-4A50-B93B-6857DAA0AF9E}.Release|Any CPU.ActiveCfg = Release|Any CPU
		{B3FB63BE-4979-4A50-B93B-6857DAA0AF9E}.Release|Any CPU.Build.0 = Release|Any CPU
		{D2AD5BCB-3B20-4547-95B7-834B01D7E726}.Debug|Any CPU.ActiveCfg = Debug|Any CPU
		{D2AD5BCB-3B20-4547-95B7-834B01D7E726}.Debug|Any CPU.Build.0 = Debug|Any CPU
		{D2AD5BCB-3B20-4547-95B7-834B01D7E726}.Release|Any CPU.ActiveCfg = Release|Any CPU
		{D2AD5BCB-3B20-4547-95B7-834B01D7E726}.Release|Any CPU.Build.0 = Release|Any CPU
	EndGlobalSection
	GlobalSection(SolutionProperties) = preSolution
		HideSolutionNode = FALSE
	EndGlobalSection
EndGlobal
