
Microsoft Visual Studio Solution File, Format Version 12.00
# Visual Studio 14
VisualStudioVersion = 14.0.23107.0
MinimumVisualStudioVersion = 10.0.40219.1
Project("{FAE04EC0-301F-11D3-BF4B-00C04F79EFBC}") = "Server", "Server\Server.csproj", "{CDB89BE7-A4FC-44A9-9670-9DDA32C6CDE2}"
EndProject
Project("{FAE04EC0-301F-11D3-BF4B-00C04F79EFBC}") = "Client", "Client\Client.csproj", "{F1458389-4A82-4BCF-B64C-9F19698D8F1E}"
EndProject
Global
	GlobalSection(SolutionConfigurationPlatforms) = preSolution
		Debug|Any CPU = Debug|Any CPU
		Release|Any CPU = Release|Any CPU
	EndGlobalSection
	GlobalSection(ProjectConfigurationPlatforms) = postSolution
		{CDB89BE7-A4FC-44A9-9670-9DDA32C6CDE2}.Debug|Any CPU.ActiveCfg = Debug|Any CPU
		{CDB89BE7-A4FC-44A9-9670-9DDA32C6CDE2}.Debug|Any CPU.Build.0 = Debug|Any CPU
		{CDB89BE7-A4FC-44A9-9670-9DDA32C6CDE2}.Release|Any CPU.ActiveCfg = Release|Any CPU
		{CDB89BE7-A4FC-44A9-9670-9DDA32C6CDE2}.Release|Any CPU.Build.0 = Release|Any CPU
		{F1458389-4A82-4BCF-B64C-9F19698D8F1E}.Debug|Any CPU.ActiveCfg = Debug|Any CPU
		{F1458389-4A82-4BCF-B64C-9F19698D8F1E}.Debug|Any CPU.Build.0 = Debug|Any CPU
		{F1458389-4A82-4BCF-B64C-9F19698D8F1E}.Release|Any CPU.ActiveCfg = Release|Any CPU
		{F1458389-4A82-4BCF-B64C-9F19698D8F1E}.Release|Any CPU.Build.0 = Release|Any CPU
	EndGlobalSection
	GlobalSection(SolutionProperties) = preSolution
		HideSolutionNode = FALSE
	EndGlobalSection
EndGlobal
