
Microsoft Visual Studio Solution File, Format Version 12.00
# Visual Studio 2012
Project("{FAE04EC0-301F-11D3-BF4B-00C04F79EFBC}") = "UserCountingApp", "UserCountingApp\UserCountingApp.csproj", "{13DBB535-1EEF-469B-9428-F4000D2708D5}"
EndProject
Global
	GlobalSection(SolutionConfigurationPlatforms) = preSolution
		Debug|Any CPU = Debug|Any CPU
		Release|Any CPU = Release|Any CPU
	EndGlobalSection
	GlobalSection(ProjectConfigurationPlatforms) = postSolution
		{13DBB535-1EEF-469B-9428-F4000D2708D5}.Debug|Any CPU.ActiveCfg = Debug|Any CPU
		{13DBB535-1EEF-469B-9428-F4000D2708D5}.Debug|Any CPU.Build.0 = Debug|Any CPU
		{13DBB535-1EEF-469B-9428-F4000D2708D5}.Release|Any CPU.ActiveCfg = Release|Any CPU
		{13DBB535-1EEF-469B-9428-F4000D2708D5}.Release|Any CPU.Build.0 = Release|Any CPU
	EndGlobalSection
	GlobalSection(SolutionProperties) = preSolution
		HideSolutionNode = FALSE
	EndGlobalSection
EndGlobal
