
Microsoft Visual Studio Solution File, Format Version 12.00
# Visual Studio 2012
Project("{FAE04EC0-301F-11D3-BF4B-00C04F79EFBC}") = "CSharpAdv", "CSharpAdv\CSharpAdv.csproj", "{CFF9D755-ACA4-440E-BAD3-F9F0795787D7}"
EndProject
Global
	GlobalSection(SolutionConfigurationPlatforms) = preSolution
		Debug|Any CPU = Debug|Any CPU
		Release|Any CPU = Release|Any CPU
	EndGlobalSection
	GlobalSection(ProjectConfigurationPlatforms) = postSolution
		{CFF9D755-ACA4-440E-BAD3-F9F0795787D7}.Debug|Any CPU.ActiveCfg = Debug|Any CPU
		{CFF9D755-ACA4-440E-BAD3-F9F0795787D7}.Debug|Any CPU.Build.0 = Debug|Any CPU
		{CFF9D755-ACA4-440E-BAD3-F9F0795787D7}.Release|Any CPU.ActiveCfg = Release|Any CPU
		{CFF9D755-ACA4-440E-BAD3-F9F0795787D7}.Release|Any CPU.Build.0 = Release|Any CPU
	EndGlobalSection
	GlobalSection(SolutionProperties) = preSolution
		HideSolutionNode = FALSE
	EndGlobalSection
EndGlobal
